{
  "name": "bitcoin-lib",
  "version": "1.0.0",
  "lockfileVersion": 1,
  "requires": true,
  "dependencies": {
    "litecoin": {
      "version": "2.0.4",
      "resolved": "https://registry.npmjs.org/litecoin/-/litecoin-2.0.4.tgz",
      "integrity": "sha512-DieuVCFDxTgayRdc+L8TiO6RxU2uuLY/r0bX7WmqfFK7lUJAND/SaWibVW1utweNkwH25pQeqwqGOSzftY+8Kg=="
    }
  }
}
